PODS:
  - Flutter (1.0.0)
  - flutter_phone_lib (0.0.1):
    - Flutter
    - iOSPhoneLib (= 0.1.11)
  - iOSPhoneLib (0.1.11):
    - Swinject (~> 2.8.2)
  - Swinject (2.8.8)

DEPENDENCIES:
  - Flutter (from `Flutter`)
  - flutter_phone_lib (from `.symlinks/plugins/flutter_phone_lib/ios`)
  - iOSPhoneLib (= 0.1.11)

SPEC REPOS:
  trunk:
    - iOSPhoneLib
    - Swinject

EXTERNAL SOURCES:
  Flutter:
    :path: Flutter
  flutter_phone_lib:
    :path: ".symlinks/plugins/flutter_phone_lib/ios"

SPEC CHECKSUMS:
  Flutter: e0871f40cf51350855a761d2e70bf5af5b9b5de7
  flutter_phone_lib: 40cdfa8365e787c28a86e94d02bcb42baa04089a
  iOSPhoneLib: 24544e7b71c6601830bac2396ac0450083462b95
  Swinject: 2943463cdd58b49f114213bf1ce4a09f374828e7

PODFILE CHECKSUM: 27b2f2cf6427b00a9b9af97460877e085a531135

COCOAPODS: 1.15.2
