PODS:
  - Flutter (1.0.0)
  - flutter_phone_lib (0.0.1):
    - Flutter
    - iOSPhoneLib (= 0.1.4)
  - iOSPhoneLib (0.1.4):
    - Swinject (~> 2.8.2)
  - Swinject (2.8.3)

DEPENDENCIES:
  - Flutter (from `Flutter`)
  - flutter_phone_lib (from `.symlinks/plugins/flutter_phone_lib/ios`)
  - iOSPhoneLib (= 0.1.4)

SPEC REPOS:
  trunk:
    - iOSPhoneLib
    - Swinject

EXTERNAL SOURCES:
  Flutter:
    :path: Flutter
  flutter_phone_lib:
    :path: ".symlinks/plugins/flutter_phone_lib/ios"

SPEC CHECKSUMS:
  Flutter: f04841e97a9d0b0a8025694d0796dd46242b2854
  flutter_phone_lib: 6108d4ccd9fb5fecef07b46cd8a7defd7df00236
  iOSPhoneLib: bf982971b4be7a4b535352011abed5e542deb196
  Swinject: 893c9a543000ac2f10ee4cbaf0933c6992c935d5

PODFILE CHECKSUM: a6100cab552615b5bda9aa69a3797b195cc564f4

COCOAPODS: 1.14.3
