{
  "originHash" : "3584111a54ea190f157e620b57ae75c30821ecd67290ca448fbbdd0fdb25130d",
  "pins" : [
    {
      "identity" : "ios-phone-lib",
      "kind" : "remoteSourceControl",
      "location" : "https://github.com/open-voip-alliance/iOS-Phone-Lib.git",
      "state" : {
        "revision" : "1f4ffb7d25f0ade69dd825fb6be83db671f8ba69",
        "version" : "0.1.15"
      }
    },
    {
      "identity" : "linphone-sdk-swift-ios",
      "kind" : "remoteSourceControl",
      "location" : "https://gitlab.linphone.org/BC/public/linphone-sdk-swift-ios.git",
      "state" : {
        "revision" : "2d65f089792cb91c50f51dc26417c7d4c0ebb988",
        "version" : "5.4.24"
      }
    },
    {
      "identity" : "swinject",
      "kind" : "remoteSourceControl",
      "location" : "https://github.com/JohannesNevels/Swinject.git",
      "state" : {
        "revision" : "a6fc20519781c1c4f64a00b76200c51116a8e8b8",
        "version" : "2.9.2"
      }
    }
  ],
  "version" : 3
}
